
Microsoft Visual Studio Solution File, Format Version 12.00
# Visual Studio Version 17
VisualStudioVersion = 17.8.34330.188
MinimumVisualStudioVersion = 10.0.40219.1
Project("{FAE04EC0-301F-11D3-BF4B-00C04F79EFBC}") = "SupermarketBugrina", "SupermarketBugrina.csproj", "{5F58F5BB-2265-4273-A6C0-51E7E075E77B}"
EndProject
Global
	GlobalSection(SolutionConfigurationPlatforms) = preSolution
		Debug|Any CPU = Debug|Any CPU
		Release|Any CPU = Release|Any CPU
	EndGlobalSection
	GlobalSection(ProjectConfigurationPlatforms) = postSolution
		{5F58F5BB-2265-4273-A6C0-51E7E075E77B}.Debug|Any CPU.ActiveCfg = Debug|Any CPU
		{5F58F5BB-2265-4273-A6C0-51E7E075E77B}.Debug|Any CPU.Build.0 = Debug|Any CPU
		{5F58F5BB-2265-4273-A6C0-51E7E075E77B}.Release|Any CPU.ActiveCfg = Release|Any CPU
		{5F58F5BB-2265-4273-A6C0-51E7E075E77B}.Release|Any CPU.Build.0 = Release|Any CPU
	EndGlobalSection
	GlobalSection(SolutionProperties) = preSolution
		HideSolutionNode = FALSE
	EndGlobalSection
	GlobalSection(ExtensibilityGlobals) = postSolution
		SolutionGuid = {CEB42BCE-26A3-4724-99CA-70115D4F3756}
	EndGlobalSection
EndGlobal
